Microsoft Visual Studio Solution File, Format Version 12.00
# Visual Studio 14
VisualStudioVersion = 14.0.25420.1
MinimumVisualStudioVersion = 10.0.40219.1
Project("{FAE04EC0-301F-11D3-BF4B-00C04F79EFBC}") = "FormsEmbedding", "FormsEmbedding\FormsEmbedding.csproj", "{4F31FFCE-09C9-487D-843C-78A08D82C16C}"
EndProject
Project("{FAE04EC0-301F-11D3-BF4B-00C04F79EFBC}") = "FormsEmbedding.WPF", "FormsEmbedding.WPF\FormsEmbedding.WPF.csproj", "{0FA15D81-03D2-461F-AD94-090DB14455A2}"
EndProject
Global
	GlobalSection(SolutionConfigurationPlatforms) = preSolution
		Debug|Any CPU = Debug|Any CPU
		Debug|x86 = Debug|x86
		Release|Any CPU = Release|Any CPU
		Release|x86 = Release|x86
	EndGlobalSection
	GlobalSection(ProjectConfigurationPlatforms) = postSolution
		{4F31FFCE-09C9-487D-843C-78A08D82C16C}.Debug|Any CPU.ActiveCfg = Debug|Any CPU
		{4F31FFCE-09C9-487D-843C-78A08D82C16C}.Debug|Any CPU.Build.0 = Debug|Any CPU
		{4F31FFCE-09C9-487D-843C-78A08D82C16C}.Debug|x86.ActiveCfg = Debug|Any CPU
		{4F31FFCE-09C9-487D-843C-78A08D82C16C}.Debug|x86.Build.0 = Debug|Any CPU
		{4F31FFCE-09C9-487D-843C-78A08D82C16C}.Release|Any CPU.ActiveCfg = Release|Any CPU
		{4F31FFCE-09C9-487D-843C-78A08D82C16C}.Release|Any CPU.Build.0 = Release|Any CPU
		{4F31FFCE-09C9-487D-843C-78A08D82C16C}.Release|x86.ActiveCfg = Release|Any CPU
		{4F31FFCE-09C9-487D-843C-78A08D82C16C}.Release|x86.Build.0 = Release|Any CPU
		{0FA15D81-03D2-461F-AD94-090DB14455A2}.Debug|Any CPU.ActiveCfg = Debug|Any CPU
		{0FA15D81-03D2-461F-AD94-090DB14455A2}.Debug|Any CPU.Build.0 = Debug|Any CPU
		{0FA15D81-03D2-461F-AD94-090DB14455A2}.Debug|x86.ActiveCfg = Debug|Any CPU
		{0FA15D81-03D2-461F-AD94-090DB14455A2}.Debug|x86.Build.0 = Debug|Any CPU
		{0FA15D81-03D2-461F-AD94-090DB14455A2}.Release|Any CPU.ActiveCfg = Release|Any CPU
		{0FA15D81-03D2-461F-AD94-090DB14455A2}.Release|Any CPU.Build.0 = Release|Any CPU
		{0FA15D81-03D2-461F-AD94-090DB14455A2}.Release|x86.ActiveCfg = Release|Any CPU
		{0FA15D81-03D2-461F-AD94-090DB14455A2}.Release|x86.Build.0 = Release|Any CPU
	EndGlobalSection
	GlobalSection(SolutionProperties) = preSolution
		HideSolutionNode = FALSE
	EndGlobalSection
EndGlobal
